// !$*UTF8*$!
{
	archiveVersion = 1;
	classes = {
	};
	objectVersion = 50;
	objects = {

/* Begin PBXBuildFile section */
		FA85DF6B2AA5822200BFA5C2 /* AppDelegate.m in Sources */ = {isa = PBXBuildFile; fileRef = FA85DF6A2AA5822200BFA5C2 /* AppDelegate.m */; };
		FA85DF6E2AA5822200BFA5C2 /* SceneDelegate.m in Sources */ = {isa = PBXBuildFile; fileRef = FA85DF6D2AA5822200BFA5C2 /* SceneDelegate.m */; };
		FA85DF712AA5822200BFA5C2 /* ViewController.m in Sources */ = {isa = PBXBuildFile; fileRef = FA85DF702AA5822200BFA5C2 /* ViewController.m */; };
		FA85DF742AA5822200BFA5C2 /* Main.storyboard in Resources */ = {isa = PBXBuildFile; fileRef = FA85DF722AA5822200BFA5C2 /* Main.storyboard */; };
		FA85DF762AA5822600BFA5C2 /* Assets.xcassets in Resources */ = {isa = PBXBuildFile; fileRef = FA85DF752AA5822600BFA5C2 /* Assets.xcassets */; };
		FA85DF792AA5822600BFA5C2 /* LaunchScreen.storyboard in Resources */ = {isa = PBXBuildFile; fileRef = FA85DF772AA5822600BFA5C2 /* LaunchScreen.storyboard */; };
		FA85DF7C2AA5822600BFA5C2 /* main.m in Sources */ = {isa = PBXBuildFile; fileRef = FA85DF7B2AA5822600BFA5C2 /* main.m */; };
/* End PBXBuildFile section */

/* Begin PBXFileReference section */
		FA85DF662AA5822200BFA5C2 /* oneTools.app */ = {isa = PBXFileReference; explicitFileType = wrapper.application; includeInIndex = 0; path = oneTools.app; sourceTree = BUILT_PRODUCTS_DIR; };
		FA85DF692AA5822200BFA5C2 /* AppDelegate.h */ = {isa = PBXFileReference; lastKnownFileType = sourcecode.c.h; path = AppDelegate.h; sourceTree = "<group>"; };
		FA85DF6A2AA5822200BFA5C2 /* AppDelegate.m */ = {isa = PBXFileReference; lastKnownFileType = sourcecode.c.objc; path = AppDelegate.m; sourceTree = "<group>"; };
		FA85DF6C2AA5822200BFA5C2 /* SceneDelegate.h */ = {isa = PBXFileReference; lastKnownFileType = sourcecode.c.h; path = SceneDelegate.h; sourceTree = "<group>"; };
		FA85DF6D2AA5822200BFA5C2 /* SceneDelegate.m */ = {isa = PBXFileReference; lastKnownFileType = sourcecode.c.objc; path = SceneDelegate.m; sourceTree = "<group>"; };
		FA85DF6F2AA5822200BFA5C2 /* ViewController.h */ = {isa = PBXFileReference; lastKnownFileType = sourcecode.c.h; path = ViewController.h; sourceTree = "<group>"; };
		FA85DF702AA5822200BFA5C2 /* ViewController.m */ = {isa = PBXFileReference; lastKnownFileType = sourcecode.c.objc; path = ViewController.m; sourceTree = "<group>"; };
		FA85DF732AA5822200BFA5C2 /* Base */ = {isa = PBXFileReference; lastKnownFileType = file.storyboard; name = Base; path = Base.lproj/Main.storyboard; sourceTree = "<group>"; };
		FA85DF752AA5822600BFA5C2 /* Assets.xcassets */ = {isa = PBXFileReference; lastKnownFileType = folder.assetcatalog; path = Assets.xcassets; sourceTree = "<group>"; };
		FA85DF782AA5822600BFA5C2 /* Base */ = {isa = PBXFileReference; lastKnownFileType = file.storyboard; name = Base; path = Base.lproj/LaunchScreen.storyboard; sourceTree = "<group>"; };
		FA85DF7A2AA5822600BFA5C2 /* Info.plist */ = {isa = PBXFileReference; lastKnownFileType = text.plist.xml; path = Info.plist; sourceTree = "<group>"; };
		FA85DF7B2AA5822600BFA5C2 /* main.m */ = {isa = PBXFileReference; lastKnownFileType = sourcecode.c.objc; path = main.m; sourceTree = "<group>"; };
/* End PBXFileReference section */

/* Begin PBXFrameworksBuildPhase section */
		FA85DF632AA5822200BFA5C2 /* Frameworks */ = {
			isa = PBXFrameworksBuildPhase;
			buildActionMask = 2147483647;
			files = (
			);
			runOnlyForDeploymentPostprocessing = 0;
		};
/* End PBXFrameworksBuildPhase section */

/* Begin PBXGroup section */
		FA85DF5D2AA5822200BFA5C2 = {
			isa = PBXGroup;
			children = (
				FA85DF682AA5822200BFA5C2 /* oneTools */,
				FA85DF672AA5822200BFA5C2 /* Products */,
			);
			sourceTree = "<group>";
		};
		FA85DF672AA5822200BFA5C2 /* Products */ = {
			isa = PBXGroup;
			children = (
				FA85DF662AA5822200BFA5C2 /* oneTools.app */,
			);
			name = Products;
			sourceTree = "<group>";
		};
		FA85DF682AA5822200BFA5C2 /* oneTools */ = {
			isa = PBXGroup;
			children = (
				FA85DF692AA5822200BFA5C2 /* AppDelegate.h */,
				FA85DF6A2AA5822200BFA5C2 /* AppDelegate.m */,
				FA85DF6C2AA5822200BFA5C2 /* SceneDelegate.h */,
				FA85DF6D2AA5822200BFA5C2 /* SceneDelegate.m */,
				FA85DF6F2AA5822200BFA5C2 /* ViewController.h */,
				FA85DF702AA5822200BFA5C2 /* ViewController.m */,
				FA85DF722AA5822200BFA5C2 /* Main.storyboard */,
				FA85DF752AA5822600BFA5C2 /* Assets.xcassets */,
				FA85DF772AA5822600BFA5C2 /* LaunchScreen.storyboard */,
				FA85DF7A2AA5822600BFA5C2 /* Info.plist */,
				FA85DF7B2AA5822600BFA5C2 /* main.m */,
			);
			path = oneTools;
			sourceTree = "<group>";
		};
/* End PBXGroup section */

/* Begin PBXNativeTarget section */
		FA85DF652AA5822200BFA5C2 /* oneTools */ = {
			isa = PBXNativeTarget;
			buildConfigurationList = FA85DF7F2AA5822600BFA5C2 /* Build configuration list for PBXNativeTarget "oneTools" */;
			buildPhases = (
				FA85DF622AA5822200BFA5C2 /* Sources */,
				FA85DF632AA5822200BFA5C2 /* Frameworks */,
				FA85DF642AA5822200BFA5C2 /* Resources */,
			);
			buildRules = (
			);
			dependencies = (
			);
			name = oneTools;
			productName = oneTools;
			productReference = FA85DF662AA5822200BFA5C2 /* oneTools.app */;
			productType = "com.apple.product-type.application";
		};
/* End PBXNativeTarget section */

/* Begin PBXProject section */
		FA85DF5E2AA5822200BFA5C2 /* Project object */ = {
			isa = PBXProject;
			attributes = {
				LastUpgradeCheck = 1250;
				TargetAttributes = {
					FA85DF652AA5822200BFA5C2 = {
						CreatedOnToolsVersion = 12.5;
					};
				};
			};
			buildConfigurationList = FA85DF612AA5822200BFA5C2 /* Build configuration list for PBXProject "oneTools" */;
			compatibilityVersion = "Xcode 9.3";
			developmentRegion = en;
			hasScannedForEncodings = 0;
			knownRegions = (
				en,
				Base,
			);
			mainGroup = FA85DF5D2AA5822200BFA5C2;
			productRefGroup = FA85DF672AA5822200BFA5C2 /* Products */;
			projectDirPath = "";
			projectRoot = "";
			targets = (
				FA85DF652AA5822200BFA5C2 /* oneTools */,
			);
		};
/* End PBXProject section */

/* Begin PBXResourcesBuildPhase section */
		FA85DF642AA5822200BFA5C2 /* Resources */ = {
			isa = PBXResourcesBuildPhase;
			buildActionMask = 2147483647;
			files = (
				FA85DF792AA5822600BFA5C2 /* LaunchScreen.storyboard in Resources */,
				FA85DF762AA5822600BFA5C2 /* Assets.xcassets in Resources */,
				FA85DF742AA5822200BFA5C2 /* Main.storyboard in Resources */,
			);
			runOnlyForDeploymentPostprocessing = 0;
		};
/* End PBXResourcesBuildPhase section */

/* Begin PBXSourcesBuildPhase section */
		FA85DF622AA5822200BFA5C2 /* Sources */ = {
			isa = PBXSourcesBuildPhase;
			buildActionMask = 2147483647;
			files = (
				FA85DF712AA5822200BFA5C2 /* ViewController.m in Sources */,
				FA85DF6B2AA5822200BFA5C2 /* AppDelegate.m in Sources */,
				FA85DF7C2AA5822600BFA5C2 /* main.m in Sources */,
				FA85DF6E2AA5822200BFA5C2 /* SceneDelegate.m in Sources */,
			);
			runOnlyForDeploymentPostprocessing = 0;
		};
/* End PBXSourcesBuildPhase section */

/* Begin PBXVariantGroup section */
		FA85DF722AA5822200BFA5C2 /* Main.storyboard */ = {
			isa = PBXVariantGroup;
			children = (
				FA85DF732AA5822200BFA5C2 /* Base */,
			);
			name = Main.storyboard;
			sourceTree = "<group>";
		};
		FA85DF772AA5822600BFA5C2 /* LaunchScreen.storyboard */ = {
			isa = PBXVariantGroup;
			children = (
				FA85DF782AA5822600BFA5C2 /* Base */,
			);
			name = LaunchScreen.storyboard;
			sourceTree = "<group>";
		};
/* End PBXVariantGroup section */

/* Begin XCBuildConfiguration section */
		FA85DF7D2AA5822600BFA5C2 /* Debug */ = {
			isa = XCBuildConfiguration;
			buildSettings = {
				ALWAYS_SEARCH_USER_PATHS = NO;
				CLANG_ANALYZER_NONNULL = YES;
				CLANG_ANALYZER_NUMBER_OBJECT_CONVERSION = YES_AGGRESSIVE;
				CLANG_CXX_LANGUAGE_STANDARD = "gnu++14";
				CLANG_CXX_LIBRARY = "libc++";
				CLANG_ENABLE_MODULES = YES;
				CLANG_ENABLE_OBJC_ARC = YES;
				CLANG_ENABLE_OBJC_WEAK = YES;
				CLANG_WARN_BLOCK_CAPTURE_AUTORELEASING = YES;
				CLANG_WARN_BOOL_CONVERSION = YES;
				CLANG_WARN_COMMA = YES;
				CLANG_WARN_CONSTANT_CONVERSION = YES;
				CLANG_WARN_DEPRECATED_OBJC_IMPLEMENTATIONS = YES;
				CLANG_WARN_DIRECT_OBJC_ISA_USAGE = YES_ERROR;
				CLANG_WARN_DOCUMENTATION_COMMENTS = YES;
				CLANG_WARN_EMPTY_BODY = YES;
				CLANG_WARN_ENUM_CONVERSION = YES;
				CLANG_WARN_INFINITE_RECURSION = YES;
				CLANG_WARN_INT_CONVERSION = YES;
				CLANG_WARN_NON_LITERAL_NULL_CONVERSION = YES;
				CLANG_WARN_OBJC_IMPLICIT_RETAIN_SELF = YES;
				CLANG_WARN_OBJC_LITERAL_CONVERSION = YES;
				CLANG_WARN_OBJC_ROOT_CLASS = YES_ERROR;
				CLANG_WARN_QUOTED_INCLUDE_IN_FRAMEWORK_HEADER = YES;
				CLANG_WARN_RANGE_LOOP_ANALYSIS = YES;
				CLANG_WARN_STRICT_PROTOTYPES = YES;
				CLANG_WARN_SUSPICIOUS_MOVE = YES;
				CLANG_WARN_UNGUARDED_AVAILABILITY = YES_AGGRESSIVE;
				CLANG_WARN_UNREACHABLE_CODE = YES;
				CLANG_WARN__DUPLICATE_METHOD_MATCH = YES;
				COPY_PHASE_STRIP = NO;
				DEBUG_INFORMATION_FORMAT = dwarf;
				ENABLE_STRICT_OBJC_MSGSEND = YES;
				ENABLE_TESTABILITY = YES;
				GCC_C_LANGUAGE_STANDARD = gnu11;
				GCC_DYNAMIC_NO_PIC = NO;
				GCC_NO_COMMON_BLOCKS = YES;
				GCC_OPTIMIZATION_LEVEL = 0;
				GCC_PREPROCESSOR_DEFINITIONS = (
					"DEBUG=1",
					"$(inherited)",
				);
				GCC_WARN_64_TO_32_BIT_CONVERSION = YES;
				GCC_WARN_ABOUT_RETURN_TYPE = YES_ERROR;
				GCC_WARN_UNDECLARED_SELECTOR = YES;
				GCC_WARN_UNINITIALIZED_AUTOS = YES_AGGRESSIVE;
				GCC_WARN_UNUSED_FUNCTION = YES;
				GCC_WARN_UNUSED_VARIABLE = YES;
				IPHONEOS_DEPLOYMENT_TARGET = 14.5;
				MTL_ENABLE_DEBUG_INFO = INCLUDE_SOURCE;
				MTL_FAST_MATH = YES;
				ONLY_ACTIVE_ARCH = YES;
				SDKROOT = iphoneos;
			};
			name = Debug;
		};
		FA85DF7E2AA5822600BFA5C2 /* Release */ = {
			isa = XCBuildConfiguration;
			buildSettings = {
				ALWAYS_SEARCH_USER_PATHS = NO;
				CLANG_ANALYZER_NONNULL = YES;
				CLANG_ANALYZER_NUMBER_OBJECT_CONVERSION = YES_AGGRESSIVE;
				CLANG_CXX_LANGUAGE_STANDARD = "gnu++14";
				CLANG_CXX_LIBRARY = "libc++";
				CLANG_ENABLE_MODULES = YES;
				CLANG_ENABLE_OBJC_ARC = YES;
				CLANG_ENABLE_OBJC_WEAK = YES;
				CLANG_WARN_BLOCK_CAPTURE_AUTORELEASING = YES;
				CLANG_WARN_BOOL_CONVERSION = YES;
				CLANG_WARN_COMMA = YES;
				CLANG_WARN_CONSTANT_CONVERSION = YES;
				CLANG_WARN_DEPRECATED_OBJC_IMPLEMENTATIONS = YES;
				CLANG_WARN_DIRECT_OBJC_ISA_USAGE = YES_ERROR;
				CLANG_WARN_DOCUMENTATION_COMMENTS = YES;
				CLANG_WARN_EMPTY_BODY = YES;
				CLANG_WARN_ENUM_CONVERSION = YES;
				CLANG_WARN_INFINITE_RECURSION = YES;
				CLANG_WARN_INT_CONVERSION = YES;
				CLANG_WARN_NON_LITERAL_NULL_CONVERSION = YES;
				CLANG_WARN_OBJC_IMPLICIT_RETAIN_SELF = YES;
				CLANG_WARN_OBJC_LITERAL_CONVERSION = YES;
				CLANG_WARN_OBJC_ROOT_CLASS = YES_ERROR;
				CLANG_WARN_QUOTED_INCLUDE_IN_FRAMEWORK_HEADER = YES;
				CLANG_WARN_RANGE_LOOP_ANALYSIS = YES;
				CLANG_WARN_STRICT_PROTOTYPES = YES;
				CLANG_WARN_SUSPICIOUS_MOVE = YES;
				CLANG_WARN_UNGUARDED_AVAILABILITY = YES_AGGRESSIVE;
				CLANG_WARN_UNREACHABLE_CODE = YES;
				CLANG_WARN__DUPLICATE_METHOD_MATCH = YES;
				COPY_PHASE_STRIP = NO;
				DEBUG_INFORMATION_FORMAT = "dwarf-with-dsym";
				ENABLE_NS_ASSERTIONS = NO;
				ENABLE_STRICT_OBJC_MSGSEND = YES;
				GCC_C_LANGUAGE_STANDARD = gnu11;
				GCC_NO_COMMON_BLOCKS = YES;
				GCC_WARN_64_TO_32_BIT_CONVERSION = YES;
				GCC_WARN_ABOUT_RETURN_TYPE = YES_ERROR;
				GCC_WARN_UNDECLARED_SELECTOR = YES;
				GCC_WARN_UNINITIALIZED_AUTOS = YES_AGGRESSIVE;
				GCC_WARN_UNUSED_FUNCTION = YES;
				GCC_WARN_UNUSED_VARIABLE = YES;
				IPHONEOS_DEPLOYMENT_TARGET = 14.5;
				MTL_ENABLE_DEBUG_INFO = NO;
				MTL_FAST_MATH = YES;
				SDKROOT = iphoneos;
				VALIDATE_PRODUCT = YES;
			};
			name = Release;
		};
		FA85DF802AA5822600BFA5C2 /* Debug */ = {
			isa = XCBuildConfiguration;
			buildSettings = {
				ASSETCATALOG_COMPILER_APPICON_NAME = AppIcon;
				ASSETCATALOG_COMPILER_GLOBAL_ACCENT_COLOR_NAME = AccentColor;
				CODE_SIGN_STYLE = Automatic;
				INFOPLIST_FILE = oneTools/Info.plist;
				LD_RUNPATH_SEARCH_PATHS = (
					"$(inherited)",
					"@executable_path/Frameworks",
				);
				PRODUCT_BUNDLE_IDENTIFIER = GJL.oneTools;
				PRODUCT_NAME = "$(TARGET_NAME)";
				TARGETED_DEVICE_FAMILY = "1,2";
			};
			name = Debug;
		};
		FA85DF812AA5822600BFA5C2 /* Release */ = {
			isa = XCBuildConfiguration;
			buildSettings = {
				ASSETCATALOG_COMPILER_APPICON_NAME = AppIcon;
				ASSETCATALOG_COMPILER_GLOBAL_ACCENT_COLOR_NAME = AccentColor;
				CODE_SIGN_STYLE = Automatic;
				INFOPLIST_FILE = oneTools/Info.plist;
				LD_RUNPATH_SEARCH_PATHS = (
					"$(inherited)",
					"@executable_path/Frameworks",
				);
				PRODUCT_BUNDLE_IDENTIFIER = GJL.oneTools;
				PRODUCT_NAME = "$(TARGET_NAME)";
				TARGETED_DEVICE_FAMILY = "1,2";
			};
			name = Release;
		};
/* End XCBuildConfiguration section */

/* Begin XCConfigurationList section */
		FA85DF612AA5822200BFA5C2 /* Build configuration list for PBXProject "oneTools" */ = {
			isa = XCConfigurationList;
			buildConfigurations = (
				FA85DF7D2AA5822600BFA5C2 /* Debug */,
				FA85DF7E2AA5822600BFA5C2 /* Release */,
			);
			defaultConfigurationIsVisible = 0;
			defaultConfigurationName = Release;
		};
		FA85DF7F2AA5822600BFA5C2 /* Build configuration list for PBXNativeTarget "oneTools" */ = {
			isa = XCConfigurationList;
			buildConfigurations = (
				FA85DF802AA5822600BFA5C2 /* Debug */,
				FA85DF812AA5822600BFA5C2 /* Release */,
			);
			defaultConfigurationIsVisible = 0;
			defaultConfigurationName = Release;
		};
/* End XCConfigurationList section */
	};
	rootObject = FA85DF5E2AA5822200BFA5C2 /* Project object */;
}
